
Microsoft Visual Studio Solution File, Format Version 12.00
# Visual Studio 15
VisualStudioVersion = 15.0.28307.902
MinimumVisualStudioVersion = 10.0.40219.1
Project("{8BC9CEB8-8B4A-11D0-8D11-00A0C91BC942}") = "CREATE_A_WINDOW", "CREATE_A_WINDOW\CREATE_A_WINDOW.vcxproj", "{BDAB9009-BBB1-4628-838F-D369FC9272A9}"
EndProject
Project("{8BC9CEB8-8B4A-11D0-8D11-00A0C91BC942}") = "SHADERS", "SHADERS\SHADERS.vcxproj", "{9B76A075-61D6-441F-8D42-C0248BC2A0C4}"
EndProject
Project("{8BC9CEB8-8B4A-11D0-8D11-00A0C91BC942}") = "TEXTURES", "TEXTURES\TEXTURES.vcxproj", "{DB29C0C6-BBAA-438B-A990-0CE947ABD200}"
EndProject
Project("{8BC9CEB8-8B4A-11D0-8D11-00A0C91BC942}") = "TRANSFORMATIONS", "TRANSFORMATIONS\TRANSFORMATIONS.vcxproj", "{5BC971DD-1D75-40FC-98B4-80A946756091}"
EndProject
Global
	GlobalSection(SolutionConfigurationPlatforms) = preSolution
		Debug|x64 = Debug|x64
		Release|x64 = Release|x64
	EndGlobalSection
	GlobalSection(ProjectConfigurationPlatforms) = postSolution
		{BDAB9009-BBB1-4628-838F-D369FC9272A9}.Debug|x64.ActiveCfg = Debug|x64
		{BDAB9009-BBB1-4628-838F-D369FC9272A9}.Debug|x64.Build.0 = Debug|x64
		{BDAB9009-BBB1-4628-838F-D369FC9272A9}.Release|x64.ActiveCfg = Release|x64
		{BDAB9009-BBB1-4628-838F-D369FC9272A9}.Release|x64.Build.0 = Release|x64
		{9B76A075-61D6-441F-8D42-C0248BC2A0C4}.Debug|x64.ActiveCfg = Debug|x64
		{9B76A075-61D6-441F-8D42-C0248BC2A0C4}.Debug|x64.Build.0 = Debug|x64
		{9B76A075-61D6-441F-8D42-C0248BC2A0C4}.Release|x64.ActiveCfg = Release|x64
		{9B76A075-61D6-441F-8D42-C0248BC2A0C4}.Release|x64.Build.0 = Release|x64
		{DB29C0C6-BBAA-438B-A990-0CE947ABD200}.Debug|x64.ActiveCfg = Debug|x64
		{DB29C0C6-BBAA-438B-A990-0CE947ABD200}.Debug|x64.Build.0 = Debug|x64
		{DB29C0C6-BBAA-438B-A990-0CE947ABD200}.Release|x64.ActiveCfg = Release|x64
		{DB29C0C6-BBAA-438B-A990-0CE947ABD200}.Release|x64.Build.0 = Release|x64
		{5BC971DD-1D75-40FC-98B4-80A946756091}.Debug|x64.ActiveCfg = Debug|x64
		{5BC971DD-1D75-40FC-98B4-80A946756091}.Debug|x64.Build.0 = Debug|x64
		{5BC971DD-1D75-40FC-98B4-80A946756091}.Release|x64.ActiveCfg = Release|x64
		{5BC971DD-1D75-40FC-98B4-80A946756091}.Release|x64.Build.0 = Release|x64
	EndGlobalSection
	GlobalSection(SolutionProperties) = preSolution
		HideSolutionNode = FALSE
	EndGlobalSection
	GlobalSection(ExtensibilityGlobals) = postSolution
		SolutionGuid = {369DEB65-9943-4B3E-9B19-C20303E83AFC}
	EndGlobalSection
EndGlobal
