<?xml version="1.0" encoding="utf-8"?>
<Project ToolsVersion="4.0" xmlns="http://schemas.microsoft.com/developer/msbuild/2003">
  <ItemGroup>
    <ClCompile Include="main.cpp">
      <Filter>Source Files</Filter>
    </ClCompile>
    <ClCompile Include="ipa_Camera.cpp">
      <Filter>Source Files</Filter>
    </ClCompile>
    <ClCompile Include="ipa_Image.cpp">
      <Filter>Source Files</Filter>
    </ClCompile>
    <ClCompile Include="ipa_Mesh.cpp">
      <Filter>Source Files</Filter>
    </ClCompile>
    <ClCompile Include="ipa_Model.cpp">
      <Filter>Source Files</Filter>
    </ClCompile>
    <ClCompile Include="ipa_Scene.cpp">
      <Filter>Source Files</Filter>
    </ClCompile>
    <ClCompile Include="ipa_Shader.cpp">
      <Filter>Source Files</Filter>
    </ClCompile>
    <ClCompile Include="..\External\glad\glad.c">
      <Filter>Source Files</Filter>
    </ClCompile>
  </ItemGroup>
  <ItemGroup>
    <ClInclude Include="ipa_Camera.h">
      <Filter>Header Files</Filter>
    </ClInclude>
    <ClInclude Include="ipa_Image.h">
      <Filter>Header Files</Filter>
    </ClInclude>
    <ClInclude Include="ipa_Lights.h">
      <Filter>Header Files</Filter>
    </ClInclude>
    <ClInclude Include="ipa_Materials.h">
      <Filter>Header Files</Filter>
    </ClInclude>
    <ClInclude Include="ipa_Mesh.h">
      <Filter>Header Files</Filter>
    </ClInclude>
    <ClInclude Include="ipa_Model.h">
      <Filter>Header Files</Filter>
    </ClInclude>
    <ClInclude Include="ipa_Objects.h">
      <Filter>Header Files</Filter>
    </ClInclude>
    <ClInclude Include="ipa_Scene.h">
      <Filter>Header Files</Filter>
    </ClInclude>
    <ClInclude Include="ipa_Shader.h">
      <Filter>Header Files</Filter>
    </ClInclude>
    <ClInclude Include="ipa_Singleton.h">
      <Filter>Header Files</Filter>
    </ClInclude>
  </ItemGroup>
  <ItemGroup>
    <Filter Include="Header Files">
      <UniqueIdentifier>{ff66d004-09cb-45ec-966f-c5f28ba91f61}</UniqueIdentifier>
    </Filter>
    <Filter Include="Source Files">
      <UniqueIdentifier>{7d8e04f6-5bc4-480d-bb54-8353875e1fe7}</UniqueIdentifier>
    </Filter>
    <Filter Include="Resource Files">
      <UniqueIdentifier>{ae901149-cee6-4999-969a-5f8c10a472ae}</UniqueIdentifier>
    </Filter>
    <Filter Include="Resource Files\Shaders">
      <UniqueIdentifier>{a86e1ae6-875e-4291-bbb8-9a83c9d7bbe1}</UniqueIdentifier>
    </Filter>
  </ItemGroup>
  <ItemGroup>
    <None Include="Fragment.glsl">
      <Filter>Resource Files\Shaders</Filter>
    </None>
    <None Include="Vertex.glsl">
      <Filter>Resource Files\Shaders</Filter>
    </None>
  </ItemGroup>
</Project>